
Microsoft Visual Studio Solution File, Format Version 12.00
# Visual Studio Version 17
VisualStudioVersion = 17.4.33103.184
MinimumVisualStudioVersion = 10.0.40219.1
Project("{FAE04EC0-301F-11D3-BF4B-00C04F79EFBC}") = "IR.DogAndCo.Api", "IR.DogAndCo.Api\IR.DogAndCo.Api.csproj", "{947B56F4-BFC9-4105-9D19-DE4B1816AD31}"
EndProject
Project("{00D1A9C2-B5F0-4AF3-8072-F6C62B433612}") = "IR.DogAndCo.Database", "IR.DogAndCo.Database\IR.DogAndCo.Database.sqlproj", "{E9497030-8A3C-45D8-B640-EBC624BC10AF}"
EndProject
Project("{2150E333-8FDC-42A3-9474-1A3956D46DE8}") = "Database", "Database", "{C7F52A41-3601-4055-99EB-0838070809A0}"
EndProject
Project("{2150E333-8FDC-42A3-9474-1A3956D46DE8}") = "Api", "Api", "{009BC60D-2ED8-4277-87D2-B0E74B769497}"
EndProject
Project("{9A19103F-16F7-4668-BE54-9A1E7A4F7556}") = "IR.DogAndCo.Api.Models", "IR.DogAndCo.Api.Models\IR.DogAndCo.Api.Models.csproj", "{F7C5E8A7-0B08-4920-B068-6D2529AD9B8C}"
EndProject
Project("{2150E333-8FDC-42A3-9474-1A3956D46DE8}") = "Tests", "Tests", "{3D2FEB08-FE08-4AB6-A50D-EFD3DCB511AB}"
EndProject
Project("{FAE04EC0-301F-11D3-BF4B-00C04F79EFBC}") = "IR.DogAndCo.Api.Tests", "IR.DogAndCo.Api.Tests\IR.DogAndCo.Api.Tests.csproj", "{D029C7BB-6364-4B06-ABA3-53E07CBB1563}"
EndProject
Global
	GlobalSection(SolutionConfigurationPlatforms) = preSolution
		Debug|Any CPU = Debug|Any CPU
		Release|Any CPU = Release|Any CPU
	EndGlobalSection
	GlobalSection(ProjectConfigurationPlatforms) = postSolution
		{947B56F4-BFC9-4105-9D19-DE4B1816AD31}.Debug|Any CPU.ActiveCfg = Debug|Any CPU
		{947B56F4-BFC9-4105-9D19-DE4B1816AD31}.Debug|Any CPU.Build.0 = Debug|Any CPU
		{947B56F4-BFC9-4105-9D19-DE4B1816AD31}.Release|Any CPU.ActiveCfg = Release|Any CPU
		{947B56F4-BFC9-4105-9D19-DE4B1816AD31}.Release|Any CPU.Build.0 = Release|Any CPU
		{E9497030-8A3C-45D8-B640-EBC624BC10AF}.Debug|Any CPU.ActiveCfg = Debug|Any CPU
		{E9497030-8A3C-45D8-B640-EBC624BC10AF}.Debug|Any CPU.Build.0 = Debug|Any CPU
		{E9497030-8A3C-45D8-B640-EBC624BC10AF}.Debug|Any CPU.Deploy.0 = Debug|Any CPU
		{E9497030-8A3C-45D8-B640-EBC624BC10AF}.Release|Any CPU.ActiveCfg = Release|Any CPU
		{E9497030-8A3C-45D8-B640-EBC624BC10AF}.Release|Any CPU.Build.0 = Release|Any CPU
		{E9497030-8A3C-45D8-B640-EBC624BC10AF}.Release|Any CPU.Deploy.0 = Release|Any CPU
		{F7C5E8A7-0B08-4920-B068-6D2529AD9B8C}.Debug|Any CPU.ActiveCfg = Debug|Any CPU
		{F7C5E8A7-0B08-4920-B068-6D2529AD9B8C}.Debug|Any CPU.Build.0 = Debug|Any CPU
		{F7C5E8A7-0B08-4920-B068-6D2529AD9B8C}.Release|Any CPU.ActiveCfg = Release|Any CPU
		{F7C5E8A7-0B08-4920-B068-6D2529AD9B8C}.Release|Any CPU.Build.0 = Release|Any CPU
		{D029C7BB-6364-4B06-ABA3-53E07CBB1563}.Debug|Any CPU.ActiveCfg = Debug|Any CPU
		{D029C7BB-6364-4B06-ABA3-53E07CBB1563}.Debug|Any CPU.Build.0 = Debug|Any CPU
		{D029C7BB-6364-4B06-ABA3-53E07CBB1563}.Release|Any CPU.ActiveCfg = Release|Any CPU
		{D029C7BB-6364-4B06-ABA3-53E07CBB1563}.Release|Any CPU.Build.0 = Release|Any CPU
	EndGlobalSection
	GlobalSection(SolutionProperties) = preSolution
		HideSolutionNode = FALSE
	EndGlobalSection
	GlobalSection(NestedProjects) = preSolution
		{947B56F4-BFC9-4105-9D19-DE4B1816AD31} = {009BC60D-2ED8-4277-87D2-B0E74B769497}
		{E9497030-8A3C-45D8-B640-EBC624BC10AF} = {C7F52A41-3601-4055-99EB-0838070809A0}
		{F7C5E8A7-0B08-4920-B068-6D2529AD9B8C} = {009BC60D-2ED8-4277-87D2-B0E74B769497}
		{D029C7BB-6364-4B06-ABA3-53E07CBB1563} = {3D2FEB08-FE08-4AB6-A50D-EFD3DCB511AB}
	EndGlobalSection
	GlobalSection(ExtensibilityGlobals) = postSolution
		SolutionGuid = {F3E1698B-17A3-41F3-82C5-B98D4B464E75}
	EndGlobalSection
EndGlobal
